
Microsoft Visual Studio Solution File, Format Version 12.00
# Visual Studio 14
VisualStudioVersion = 14.0.25420.1
MinimumVisualStudioVersion = 10.0.40219.1
Project("{FAE04EC0-301F-11D3-BF4B-00C04F79EFBC}") = "Chiquimula.WebSite", "Chiquimula.WebSite\Chiquimula.WebSite.csproj", "{F7A912BF-88B5-438E-9133-2104378A9EBA}"
EndProject
Project("{FAE04EC0-301F-11D3-BF4B-00C04F79EFBC}") = "Chiquimula.Data", "Chiquimula.Data\Chiquimula.Data.csproj", "{D4CF5FEA-2396-40EB-A2D8-C393A364AF3B}"
EndProject
Project("{FAE04EC0-301F-11D3-BF4B-00C04F79EFBC}") = "Chiquimula.WebApi", "Chiquimula.WebApi\Chiquimula.WebApi.csproj", "{6AFB2391-E230-43A8-93E0-CA3D4E283FD2}"
EndProject
Project("{2150E333-8FDC-42A3-9474-1A3956D46DE8}") = "BD", "BD", "{2B811412-598A-489B-9762-9E62D3A858F8}"
	ProjectSection(SolutionItems) = preProject
		GenerateDB.sql = GenerateDB.sql
	EndProjectSection
EndProject
Project("{FAE04EC0-301F-11D3-BF4B-00C04F79EFBC}") = "TestConsoleApp", "TestConsoleApp\TestConsoleApp.csproj", "{1F1B0F1E-3401-4031-9FE4-7CB21F9856B4}"
EndProject
Project("{FAE04EC0-301F-11D3-BF4B-00C04F79EFBC}") = "Chiquimula.DTO", "Chiquimula.DTO\Chiquimula.DTO.csproj", "{5D8C64B2-E5C8-4E8C-BAB3-F281D6EECC3F}"
EndProject
Global
	GlobalSection(SolutionConfigurationPlatforms) = preSolution
		Debug|Any CPU = Debug|Any CPU
		Release|Any CPU = Release|Any CPU
	EndGlobalSection
	GlobalSection(ProjectConfigurationPlatforms) = postSolution
		{F7A912BF-88B5-438E-9133-2104378A9EBA}.Debug|Any CPU.ActiveCfg = Debug|Any CPU
		{F7A912BF-88B5-438E-9133-2104378A9EBA}.Debug|Any CPU.Build.0 = Debug|Any CPU
		{F7A912BF-88B5-438E-9133-2104378A9EBA}.Release|Any CPU.ActiveCfg = Release|Any CPU
		{F7A912BF-88B5-438E-9133-2104378A9EBA}.Release|Any CPU.Build.0 = Release|Any CPU
		{D4CF5FEA-2396-40EB-A2D8-C393A364AF3B}.Debug|Any CPU.ActiveCfg = Debug|Any CPU
		{D4CF5FEA-2396-40EB-A2D8-C393A364AF3B}.Debug|Any CPU.Build.0 = Debug|Any CPU
		{D4CF5FEA-2396-40EB-A2D8-C393A364AF3B}.Release|Any CPU.ActiveCfg = Release|Any CPU
		{D4CF5FEA-2396-40EB-A2D8-C393A364AF3B}.Release|Any CPU.Build.0 = Release|Any CPU
		{6AFB2391-E230-43A8-93E0-CA3D4E283FD2}.Debug|Any CPU.ActiveCfg = Debug|Any CPU
		{6AFB2391-E230-43A8-93E0-CA3D4E283FD2}.Debug|Any CPU.Build.0 = Debug|Any CPU
		{6AFB2391-E230-43A8-93E0-CA3D4E283FD2}.Release|Any CPU.ActiveCfg = Release|Any CPU
		{6AFB2391-E230-43A8-93E0-CA3D4E283FD2}.Release|Any CPU.Build.0 = Release|Any CPU
		{1F1B0F1E-3401-4031-9FE4-7CB21F9856B4}.Debug|Any CPU.ActiveCfg = Debug|Any CPU
		{1F1B0F1E-3401-4031-9FE4-7CB21F9856B4}.Debug|Any CPU.Build.0 = Debug|Any CPU
		{1F1B0F1E-3401-4031-9FE4-7CB21F9856B4}.Release|Any CPU.ActiveCfg = Release|Any CPU
		{1F1B0F1E-3401-4031-9FE4-7CB21F9856B4}.Release|Any CPU.Build.0 = Release|Any CPU
		{5D8C64B2-E5C8-4E8C-BAB3-F281D6EECC3F}.Debug|Any CPU.ActiveCfg = Debug|Any CPU
		{5D8C64B2-E5C8-4E8C-BAB3-F281D6EECC3F}.Debug|Any CPU.Build.0 = Debug|Any CPU
		{5D8C64B2-E5C8-4E8C-BAB3-F281D6EECC3F}.Release|Any CPU.ActiveCfg = Release|Any CPU
		{5D8C64B2-E5C8-4E8C-BAB3-F281D6EECC3F}.Release|Any CPU.Build.0 = Release|Any CPU
	EndGlobalSection
	GlobalSection(SolutionProperties) = preSolution
		HideSolutionNode = FALSE
	EndGlobalSection
EndGlobal
